
Microsoft Visual Studio Solution File, Format Version 12.00
# Visual Studio Version 17
VisualStudioVersion = 17.2.32505.173
MinimumVisualStudioVersion = 10.0.40219.1
Project("{FAE04EC0-301F-11D3-BF4B-00C04F79EFBC}") = "ITMO.2022.CSharp.ADO.labs.1", "ITMO.2022.CSharp.ADO.labs.1\ITMO.2022.CSharp.ADO.labs.1.csproj", "{A253B22D-9F2F-4F8D-8A54-ACD11E4B3BD7}"
EndProject
Project("{FAE04EC0-301F-11D3-BF4B-00C04F79EFBC}") = "ITMO.2022.CSharp.ADO.labs.2", "ITMO.2022.CSharp.ADO.labs.2\ITMO.2022.CSharp.ADO.labs.2.csproj", "{6E5A4509-D502-4D1B-B785-D608BF17447F}"
EndProject
Project("{FAE04EC0-301F-11D3-BF4B-00C04F79EFBC}") = "ITMO.2022.CSharp.ADO.labs.4", "ITMO.2022.CSharp.ADO.labs.4\ITMO.2022.CSharp.ADO.labs.4.csproj", "{54F4C35D-A1B9-4743-86B6-6931E4D67E00}"
EndProject
Project("{FAE04EC0-301F-11D3-BF4B-00C04F79EFBC}") = "ITMO.2022.CSharp.ADO.lab.4.2", "ITMO.2022.CSharp.ADO.lab.4.2\ITMO.2022.CSharp.ADO.lab.4.2.csproj", "{1D88D2C7-2FF7-4340-B82E-A5292B39A58A}"
EndProject
Project("{FAE04EC0-301F-11D3-BF4B-00C04F79EFBC}") = "ITMO.2022.CSharp.ADO.labs.4.3", "ITMO.2022.CSharp.ADO.labs.4.3\ITMO.2022.CSharp.ADO.labs.4.3.csproj", "{A1C8C5DE-4A88-4EF2-B5B9-881015FECD7A}"
EndProject
Project("{FAE04EC0-301F-11D3-BF4B-00C04F79EFBC}") = "ITMO.2022.CSharp.2022.CSharp.ADO.labs.4.4", "ITMO.2022.CSharp.2022.CSharp.ADO.labs.4.4\ITMO.2022.CSharp.2022.CSharp.ADO.labs.4.4.csproj", "{33F102B2-8AFC-4D8A-97B9-7E572E7F76A7}"
EndProject
Project("{FAE04EC0-301F-11D3-BF4B-00C04F79EFBC}") = "ITMO.2022.CSharp.ADO.labs.4.5", "ITMO.2022.CSharp.ADO.labs.4.5\ITMO.2022.CSharp.ADO.labs.4.5.csproj", "{39F73E94-CA17-44CE-94FE-146FFDC61296}"
EndProject
Project("{FAE04EC0-301F-11D3-BF4B-00C04F79EFBC}") = "ITMO.2022.CSharp.ADO.labs.4.6", "ITMO.2022.CSharp.ADO.labs.4.6\ITMO.2022.CSharp.ADO.labs.4.6.csproj", "{639022A7-E0CE-4B86-B9B6-E032BFD0DB6C}"
EndProject
Project("{FAE04EC0-301F-11D3-BF4B-00C04F79EFBC}") = "ITMO.2022.CSharp.ADO.labs.7", "ITMO.2022.CSharp.ADO.labs.7\ITMO.2022.CSharp.ADO.labs.7.csproj", "{B3D28808-9243-49DA-91C3-1F2D86EEA54E}"
EndProject
Project("{FAE04EC0-301F-11D3-BF4B-00C04F79EFBC}") = "ITMO.2022.CSharp.ADO.labs.9", "ITMO.2022.CSharp.ADO.labs.9\ITMO.2022.CSharp.ADO.labs.9.csproj", "{101B0C53-B764-4F1E-87BA-4320B472E732}"
EndProject
Project("{FAE04EC0-301F-11D3-BF4B-00C04F79EFBC}") = "ITMO.2022.CSharp.ADO.labs.9.1.CodeFirst", "ITMO.2022.CSharp.ADO.labs.9.1.CodeFirst\ITMO.2022.CSharp.ADO.labs.9.1.CodeFirst.csproj", "{E0CEE5A5-F25C-4471-B823-1DEBAA8F6754}"
EndProject
Global
	GlobalSection(SolutionConfigurationPlatforms) = preSolution
		Debug|Any CPU = Debug|Any CPU
		Release|Any CPU = Release|Any CPU
	EndGlobalSection
	GlobalSection(ProjectConfigurationPlatforms) = postSolution
		{A253B22D-9F2F-4F8D-8A54-ACD11E4B3BD7}.Debug|Any CPU.ActiveCfg = Debug|Any CPU
		{A253B22D-9F2F-4F8D-8A54-ACD11E4B3BD7}.Debug|Any CPU.Build.0 = Debug|Any CPU
		{A253B22D-9F2F-4F8D-8A54-ACD11E4B3BD7}.Release|Any CPU.ActiveCfg = Release|Any CPU
		{A253B22D-9F2F-4F8D-8A54-ACD11E4B3BD7}.Release|Any CPU.Build.0 = Release|Any CPU
		{6E5A4509-D502-4D1B-B785-D608BF17447F}.Debug|Any CPU.ActiveCfg = Debug|Any CPU
		{6E5A4509-D502-4D1B-B785-D608BF17447F}.Debug|Any CPU.Build.0 = Debug|Any CPU
		{6E5A4509-D502-4D1B-B785-D608BF17447F}.Release|Any CPU.ActiveCfg = Release|Any CPU
		{6E5A4509-D502-4D1B-B785-D608BF17447F}.Release|Any CPU.Build.0 = Release|Any CPU
		{54F4C35D-A1B9-4743-86B6-6931E4D67E00}.Debug|Any CPU.ActiveCfg = Debug|Any CPU
		{54F4C35D-A1B9-4743-86B6-6931E4D67E00}.Debug|Any CPU.Build.0 = Debug|Any CPU
		{54F4C35D-A1B9-4743-86B6-6931E4D67E00}.Release|Any CPU.ActiveCfg = Release|Any CPU
		{54F4C35D-A1B9-4743-86B6-6931E4D67E00}.Release|Any CPU.Build.0 = Release|Any CPU
		{1D88D2C7-2FF7-4340-B82E-A5292B39A58A}.Debug|Any CPU.ActiveCfg = Debug|Any CPU
		{1D88D2C7-2FF7-4340-B82E-A5292B39A58A}.Debug|Any CPU.Build.0 = Debug|Any CPU
		{1D88D2C7-2FF7-4340-B82E-A5292B39A58A}.Release|Any CPU.ActiveCfg = Release|Any CPU
		{1D88D2C7-2FF7-4340-B82E-A5292B39A58A}.Release|Any CPU.Build.0 = Release|Any CPU
		{A1C8C5DE-4A88-4EF2-B5B9-881015FECD7A}.Debug|Any CPU.ActiveCfg = Debug|Any CPU
		{A1C8C5DE-4A88-4EF2-B5B9-881015FECD7A}.Debug|Any CPU.Build.0 = Debug|Any CPU
		{A1C8C5DE-4A88-4EF2-B5B9-881015FECD7A}.Release|Any CPU.ActiveCfg = Release|Any CPU
		{A1C8C5DE-4A88-4EF2-B5B9-881015FECD7A}.Release|Any CPU.Build.0 = Release|Any CPU
		{33F102B2-8AFC-4D8A-97B9-7E572E7F76A7}.Debug|Any CPU.ActiveCfg = Debug|Any CPU
		{33F102B2-8AFC-4D8A-97B9-7E572E7F76A7}.Debug|Any CPU.Build.0 = Debug|Any CPU
		{33F102B2-8AFC-4D8A-97B9-7E572E7F76A7}.Release|Any CPU.ActiveCfg = Release|Any CPU
		{33F102B2-8AFC-4D8A-97B9-7E572E7F76A7}.Release|Any CPU.Build.0 = Release|Any CPU
		{39F73E94-CA17-44CE-94FE-146FFDC61296}.Debug|Any CPU.ActiveCfg = Debug|Any CPU
		{39F73E94-CA17-44CE-94FE-146FFDC61296}.Debug|Any CPU.Build.0 = Debug|Any CPU
		{39F73E94-CA17-44CE-94FE-146FFDC61296}.Release|Any CPU.ActiveCfg = Release|Any CPU
		{39F73E94-CA17-44CE-94FE-146FFDC61296}.Release|Any CPU.Build.0 = Release|Any CPU
		{639022A7-E0CE-4B86-B9B6-E032BFD0DB6C}.Debug|Any CPU.ActiveCfg = Debug|Any CPU
		{639022A7-E0CE-4B86-B9B6-E032BFD0DB6C}.Debug|Any CPU.Build.0 = Debug|Any CPU
		{639022A7-E0CE-4B86-B9B6-E032BFD0DB6C}.Release|Any CPU.ActiveCfg = Release|Any CPU
		{639022A7-E0CE-4B86-B9B6-E032BFD0DB6C}.Release|Any CPU.Build.0 = Release|Any CPU
		{B3D28808-9243-49DA-91C3-1F2D86EEA54E}.Debug|Any CPU.ActiveCfg = Debug|Any CPU
		{B3D28808-9243-49DA-91C3-1F2D86EEA54E}.Debug|Any CPU.Build.0 = Debug|Any CPU
		{B3D28808-9243-49DA-91C3-1F2D86EEA54E}.Release|Any CPU.ActiveCfg = Release|Any CPU
		{B3D28808-9243-49DA-91C3-1F2D86EEA54E}.Release|Any CPU.Build.0 = Release|Any CPU
		{101B0C53-B764-4F1E-87BA-4320B472E732}.Debug|Any CPU.ActiveCfg = Debug|Any CPU
		{101B0C53-B764-4F1E-87BA-4320B472E732}.Debug|Any CPU.Build.0 = Debug|Any CPU
		{101B0C53-B764-4F1E-87BA-4320B472E732}.Release|Any CPU.ActiveCfg = Release|Any CPU
		{101B0C53-B764-4F1E-87BA-4320B472E732}.Release|Any CPU.Build.0 = Release|Any CPU
		{E0CEE5A5-F25C-4471-B823-1DEBAA8F6754}.Debug|Any CPU.ActiveCfg = Debug|Any CPU
		{E0CEE5A5-F25C-4471-B823-1DEBAA8F6754}.Debug|Any CPU.Build.0 = Debug|Any CPU
		{E0CEE5A5-F25C-4471-B823-1DEBAA8F6754}.Release|Any CPU.ActiveCfg = Release|Any CPU
		{E0CEE5A5-F25C-4471-B823-1DEBAA8F6754}.Release|Any CPU.Build.0 = Release|Any CPU
	EndGlobalSection
	GlobalSection(SolutionProperties) = preSolution
		HideSolutionNode = FALSE
	EndGlobalSection
	GlobalSection(ExtensibilityGlobals) = postSolution
		SolutionGuid = {7F63BABA-E0B5-4D82-AC38-F1A76434CDA0}
	EndGlobalSection
EndGlobal
