
Microsoft Visual Studio Solution File, Format Version 12.00
# Visual Studio Version 17
VisualStudioVersion = 17.2.32505.173
MinimumVisualStudioVersion = 10.0.40219.1
Project("{FAE04EC0-301F-11D3-BF4B-00C04F79EFBC}") = "ITMO.2022.CSharp.ADO.labs.1", "ITMO.2022.CSharp.ADO.labs.1\ITMO.2022.CSharp.ADO.labs.1.csproj", "{A253B22D-9F2F-4F8D-8A54-ACD11E4B3BD7}"
EndProject
Project("{FAE04EC0-301F-11D3-BF4B-00C04F79EFBC}") = "ITMO.2022.CSharp.ADO.labs.2", "ITMO.2022.CSharp.ADO.labs.2\ITMO.2022.CSharp.ADO.labs.2.csproj", "{6E5A4509-D502-4D1B-B785-D608BF17447F}"
EndProject
Global
	GlobalSection(SolutionConfigurationPlatforms) = preSolution
		Debug|Any CPU = Debug|Any CPU
		Release|Any CPU = Release|Any CPU
	EndGlobalSection
	GlobalSection(ProjectConfigurationPlatforms) = postSolution
		{A253B22D-9F2F-4F8D-8A54-ACD11E4B3BD7}.Debug|Any CPU.ActiveCfg = Debug|Any CPU
		{A253B22D-9F2F-4F8D-8A54-ACD11E4B3BD7}.Debug|Any CPU.Build.0 = Debug|Any CPU
		{A253B22D-9F2F-4F8D-8A54-ACD11E4B3BD7}.Release|Any CPU.ActiveCfg = Release|Any CPU
		{A253B22D-9F2F-4F8D-8A54-ACD11E4B3BD7}.Release|Any CPU.Build.0 = Release|Any CPU
		{6E5A4509-D502-4D1B-B785-D608BF17447F}.Debug|Any CPU.ActiveCfg = Debug|Any CPU
		{6E5A4509-D502-4D1B-B785-D608BF17447F}.Debug|Any CPU.Build.0 = Debug|Any CPU
		{6E5A4509-D502-4D1B-B785-D608BF17447F}.Release|Any CPU.ActiveCfg = Release|Any CPU
		{6E5A4509-D502-4D1B-B785-D608BF17447F}.Release|Any CPU.Build.0 = Release|Any CPU
	EndGlobalSection
	GlobalSection(SolutionProperties) = preSolution
		HideSolutionNode = FALSE
	EndGlobalSection
	GlobalSection(ExtensibilityGlobals) = postSolution
		SolutionGuid = {7F63BABA-E0B5-4D82-AC38-F1A76434CDA0}
	EndGlobalSection
EndGlobal
